
Microsoft Visual Studio Solution File, Format Version 12.00
# Visual Studio Version 17
VisualStudioVersion = 17.0.31512.422
MinimumVisualStudioVersion = 10.0.40219.1
Project("{9A19103F-16F7-4668-BE54-9A1E7A4F7556}") = "Library.Tests", "Library.Tests\Library.Tests.csproj", "{1B2825B4-9A80-4739-ADA6-24BC190B7719}"
EndProject
Project("{9A19103F-16F7-4668-BE54-9A1E7A4F7556}") = "Core", "Core\Core.csproj", "{B622B827-6CA5-4209-82AB-CC4EF31536D4}"
EndProject
Project("{9A19103F-16F7-4668-BE54-9A1E7A4F7556}") = "Api", "Api\Api.csproj", "{B6CDEA8A-8B06-4E66-9D99-BC8CDEEBFE6D}"
EndProject
Project("{9A19103F-16F7-4668-BE54-9A1E7A4F7556}") = "Data", "Data\Data.csproj", "{87807EF5-CE58-4709-BF8A-D14360AABE7A}"
EndProject
Project("{9A19103F-16F7-4668-BE54-9A1E7A4F7556}") = "Mediator", "Mediator\Mediator.csproj", "{2C762853-6528-429B-80CD-7541107F1D51}"
EndProject
Project("{9A19103F-16F7-4668-BE54-9A1E7A4F7556}") = "Desktop", "Desktop\Desktop.csproj", "{AECB341E-1ADE-4995-89B6-8BB857D7FDB5}"
EndProject
Project("{9A19103F-16F7-4668-BE54-9A1E7A4F7556}") = "CrossCutting", "CrossCutting\CrossCutting.csproj", "{B76AFA49-5E6D-4CB7-AB00-A9B08C09C1F7}"
EndProject
Project("{2150E333-8FDC-42A3-9474-1A3956D46DE8}") = "0 - Sources", "0 - Sources", "{6A35284D-E871-4B9D-BF37-D568BEF49109}"
EndProject
Project("{2150E333-8FDC-42A3-9474-1A3956D46DE8}") = "1 - Tests", "1 - Tests", "{76491630-F118-465C-82DB-B11E8333DBF3}"
EndProject
Project("{9A19103F-16F7-4668-BE54-9A1E7A4F7556}") = "Consumer", "Consumer\Consumer.csproj", "{627D6844-776F-440A-9041-58A324AE2A7E}"
EndProject
Project("{9A19103F-16F7-4668-BE54-9A1E7A4F7556}") = "OFX", "OFX\OFX.csproj", "{5B448043-65BB-45D6-A3F7-E67D032C0A71}"
EndProject
Project("{2150E333-8FDC-42A3-9474-1A3956D46DE8}") = "Itens de Solução", "Itens de Solução", "{1306DFE5-3B17-4D6E-8690-21B08E0A437A}"
	ProjectSection(SolutionItems) = preProject
		.gitattributes = .gitattributes
		.gitignore = .gitignore
		.github\ISSUE_TEMPLATE\bug_report.md = .github\ISSUE_TEMPLATE\bug_report.md
		.github\workflows\build.yml = .github\workflows\build.yml
		.github\dependabot.yml = .github\dependabot.yml
		.github\workflows\deploy.yml = .github\workflows\deploy.yml
		.github\ISSUE_TEMPLATE\feature_request.md = .github\ISSUE_TEMPLATE\feature_request.md
		LICENSE.md = LICENSE.md
		README.md = README.md
	EndProjectSection
EndProject
Global
	GlobalSection(SolutionConfigurationPlatforms) = preSolution
		Debug|Any CPU = Debug|Any CPU
		Release|Any CPU = Release|Any CPU
	EndGlobalSection
	GlobalSection(ProjectConfigurationPlatforms) = postSolution
		{1B2825B4-9A80-4739-ADA6-24BC190B7719}.Debug|Any CPU.ActiveCfg = Debug|Any CPU
		{1B2825B4-9A80-4739-ADA6-24BC190B7719}.Debug|Any CPU.Build.0 = Debug|Any CPU
		{1B2825B4-9A80-4739-ADA6-24BC190B7719}.Release|Any CPU.ActiveCfg = Release|Any CPU
		{1B2825B4-9A80-4739-ADA6-24BC190B7719}.Release|Any CPU.Build.0 = Release|Any CPU
		{B622B827-6CA5-4209-82AB-CC4EF31536D4}.Debug|Any CPU.ActiveCfg = Debug|Any CPU
		{B622B827-6CA5-4209-82AB-CC4EF31536D4}.Debug|Any CPU.Build.0 = Debug|Any CPU
		{B622B827-6CA5-4209-82AB-CC4EF31536D4}.Release|Any CPU.ActiveCfg = Release|Any CPU
		{B622B827-6CA5-4209-82AB-CC4EF31536D4}.Release|Any CPU.Build.0 = Release|Any CPU
		{B6CDEA8A-8B06-4E66-9D99-BC8CDEEBFE6D}.Debug|Any CPU.ActiveCfg = Debug|Any CPU
		{B6CDEA8A-8B06-4E66-9D99-BC8CDEEBFE6D}.Debug|Any CPU.Build.0 = Debug|Any CPU
		{B6CDEA8A-8B06-4E66-9D99-BC8CDEEBFE6D}.Release|Any CPU.ActiveCfg = Release|Any CPU
		{B6CDEA8A-8B06-4E66-9D99-BC8CDEEBFE6D}.Release|Any CPU.Build.0 = Release|Any CPU
		{87807EF5-CE58-4709-BF8A-D14360AABE7A}.Debug|Any CPU.ActiveCfg = Debug|Any CPU
		{87807EF5-CE58-4709-BF8A-D14360AABE7A}.Debug|Any CPU.Build.0 = Debug|Any CPU
		{87807EF5-CE58-4709-BF8A-D14360AABE7A}.Release|Any CPU.ActiveCfg = Release|Any CPU
		{87807EF5-CE58-4709-BF8A-D14360AABE7A}.Release|Any CPU.Build.0 = Release|Any CPU
		{2C762853-6528-429B-80CD-7541107F1D51}.Debug|Any CPU.ActiveCfg = Debug|Any CPU
		{2C762853-6528-429B-80CD-7541107F1D51}.Debug|Any CPU.Build.0 = Debug|Any CPU
		{2C762853-6528-429B-80CD-7541107F1D51}.Release|Any CPU.ActiveCfg = Release|Any CPU
		{2C762853-6528-429B-80CD-7541107F1D51}.Release|Any CPU.Build.0 = Release|Any CPU
		{AECB341E-1ADE-4995-89B6-8BB857D7FDB5}.Debug|Any CPU.ActiveCfg = Debug|Any CPU
		{AECB341E-1ADE-4995-89B6-8BB857D7FDB5}.Debug|Any CPU.Build.0 = Debug|Any CPU
		{AECB341E-1ADE-4995-89B6-8BB857D7FDB5}.Release|Any CPU.ActiveCfg = Release|Any CPU
		{AECB341E-1ADE-4995-89B6-8BB857D7FDB5}.Release|Any CPU.Build.0 = Release|Any CPU
		{B76AFA49-5E6D-4CB7-AB00-A9B08C09C1F7}.Debug|Any CPU.ActiveCfg = Debug|Any CPU
		{B76AFA49-5E6D-4CB7-AB00-A9B08C09C1F7}.Debug|Any CPU.Build.0 = Debug|Any CPU
		{B76AFA49-5E6D-4CB7-AB00-A9B08C09C1F7}.Release|Any CPU.ActiveCfg = Release|Any CPU
		{B76AFA49-5E6D-4CB7-AB00-A9B08C09C1F7}.Release|Any CPU.Build.0 = Release|Any CPU
		{627D6844-776F-440A-9041-58A324AE2A7E}.Debug|Any CPU.ActiveCfg = Debug|Any CPU
		{627D6844-776F-440A-9041-58A324AE2A7E}.Debug|Any CPU.Build.0 = Debug|Any CPU
		{627D6844-776F-440A-9041-58A324AE2A7E}.Release|Any CPU.ActiveCfg = Release|Any CPU
		{627D6844-776F-440A-9041-58A324AE2A7E}.Release|Any CPU.Build.0 = Release|Any CPU
		{5B448043-65BB-45D6-A3F7-E67D032C0A71}.Debug|Any CPU.ActiveCfg = Debug|Any CPU
		{5B448043-65BB-45D6-A3F7-E67D032C0A71}.Debug|Any CPU.Build.0 = Debug|Any CPU
		{5B448043-65BB-45D6-A3F7-E67D032C0A71}.Release|Any CPU.ActiveCfg = Release|Any CPU
		{5B448043-65BB-45D6-A3F7-E67D032C0A71}.Release|Any CPU.Build.0 = Release|Any CPU
	EndGlobalSection
	GlobalSection(SolutionProperties) = preSolution
		HideSolutionNode = FALSE
	EndGlobalSection
	GlobalSection(NestedProjects) = preSolution
		{1B2825B4-9A80-4739-ADA6-24BC190B7719} = {76491630-F118-465C-82DB-B11E8333DBF3}
		{B622B827-6CA5-4209-82AB-CC4EF31536D4} = {6A35284D-E871-4B9D-BF37-D568BEF49109}
		{B6CDEA8A-8B06-4E66-9D99-BC8CDEEBFE6D} = {6A35284D-E871-4B9D-BF37-D568BEF49109}
		{87807EF5-CE58-4709-BF8A-D14360AABE7A} = {6A35284D-E871-4B9D-BF37-D568BEF49109}
		{2C762853-6528-429B-80CD-7541107F1D51} = {6A35284D-E871-4B9D-BF37-D568BEF49109}
		{AECB341E-1ADE-4995-89B6-8BB857D7FDB5} = {6A35284D-E871-4B9D-BF37-D568BEF49109}
		{B76AFA49-5E6D-4CB7-AB00-A9B08C09C1F7} = {6A35284D-E871-4B9D-BF37-D568BEF49109}
		{627D6844-776F-440A-9041-58A324AE2A7E} = {6A35284D-E871-4B9D-BF37-D568BEF49109}
		{5B448043-65BB-45D6-A3F7-E67D032C0A71} = {6A35284D-E871-4B9D-BF37-D568BEF49109}
	EndGlobalSection
	GlobalSection(ExtensibilityGlobals) = postSolution
		        SolutionGuid = {380AABB2-C952-4293-BD29-BFF0FB066A4C}
		SolutionGuid = {1D8FB574-F9C8-49B5-B6D6-A0E1841D6149}
	EndGlobalSection
EndGlobal
