
Microsoft Visual Studio Solution File, Format Version 12.00
# Visual Studio Version 17
VisualStudioVersion = 17.0.31512.422
MinimumVisualStudioVersion = 10.0.40219.1
Project("{9A19103F-16F7-4668-BE54-9A1E7A4F7556}") = "Core.Services", "Core.Services\Core.Services.csproj", "{B622B827-6CA5-4209-82AB-CC4EF31536D4}"
EndProject
Project("{9A19103F-16F7-4668-BE54-9A1E7A4F7556}") = "Core.Api", "Core.Api\Core.Api.csproj", "{B6CDEA8A-8B06-4E66-9D99-BC8CDEEBFE6D}"
EndProject
Project("{9A19103F-16F7-4668-BE54-9A1E7A4F7556}") = "Core.Data", "Core.Data\Core.Data.csproj", "{87807EF5-CE58-4709-BF8A-D14360AABE7A}"
EndProject
Project("{2150E333-8FDC-42A3-9474-1A3956D46DE8}") = "0 - Sources", "0 - Sources", "{6A35284D-E871-4B9D-BF37-D568BEF49109}"
EndProject
Project("{2150E333-8FDC-42A3-9474-1A3956D46DE8}") = "1 - Tests", "1 - Tests", "{76491630-F118-465C-82DB-B11E8333DBF3}"
EndProject
Project("{2150E333-8FDC-42A3-9474-1A3956D46DE8}") = "Itens de Solução", "Itens de Solução", "{1306DFE5-3B17-4D6E-8690-21B08E0A437A}"
EndProject
Project("{9A19103F-16F7-4668-BE54-9A1E7A4F7556}") = "Core.Models", "Core.Models\Core.Models.csproj", "{51556F5C-48E1-4303-99FA-E22BCA9573FF}"
EndProject
Project("{9A19103F-16F7-4668-BE54-9A1E7A4F7556}") = "Core.Events", "Core.Events\Core.Events.csproj", "{4C4F88C1-1FC1-47C5-BE5E-826EBD629FD0}"
EndProject
Project("{9A19103F-16F7-4668-BE54-9A1E7A4F7556}") = "Core.Types", "Core.Types\Core.Types.csproj", "{74FE2786-B851-4241-A7AE-07817E9D84D8}"
EndProject
Project("{9A19103F-16F7-4668-BE54-9A1E7A4F7556}") = "Core.Interfaces", "Core.Interfaces\Core.Interfaces.csproj", "{1A5252EA-702C-42FB-A574-0720B04D1B28}"
EndProject
Project("{9A19103F-16F7-4668-BE54-9A1E7A4F7556}") = "Core.Tests", "Core.Tests\Core.Tests.csproj", "{27FA044F-FEBA-4A48-9C0B-D5C850F7442E}"
EndProject
Project("{9A19103F-16F7-4668-BE54-9A1E7A4F7556}") = "Test.Types", "Test.Types\Test.Types.csproj", "{BF94D942-5B2F-4F7D-AF89-BF8626F71D5C}"
EndProject
Global
	GlobalSection(SolutionConfigurationPlatforms) = preSolution
		Debug|Any CPU = Debug|Any CPU
		Release|Any CPU = Release|Any CPU
	EndGlobalSection
	GlobalSection(ProjectConfigurationPlatforms) = postSolution
		{B622B827-6CA5-4209-82AB-CC4EF31536D4}.Debug|Any CPU.ActiveCfg = Debug|Any CPU
		{B622B827-6CA5-4209-82AB-CC4EF31536D4}.Debug|Any CPU.Build.0 = Debug|Any CPU
		{B622B827-6CA5-4209-82AB-CC4EF31536D4}.Release|Any CPU.ActiveCfg = Release|Any CPU
		{B622B827-6CA5-4209-82AB-CC4EF31536D4}.Release|Any CPU.Build.0 = Release|Any CPU
		{B6CDEA8A-8B06-4E66-9D99-BC8CDEEBFE6D}.Debug|Any CPU.ActiveCfg = Debug|Any CPU
		{B6CDEA8A-8B06-4E66-9D99-BC8CDEEBFE6D}.Debug|Any CPU.Build.0 = Debug|Any CPU
		{B6CDEA8A-8B06-4E66-9D99-BC8CDEEBFE6D}.Release|Any CPU.ActiveCfg = Release|Any CPU
		{B6CDEA8A-8B06-4E66-9D99-BC8CDEEBFE6D}.Release|Any CPU.Build.0 = Release|Any CPU
		{87807EF5-CE58-4709-BF8A-D14360AABE7A}.Debug|Any CPU.ActiveCfg = Debug|Any CPU
		{87807EF5-CE58-4709-BF8A-D14360AABE7A}.Debug|Any CPU.Build.0 = Debug|Any CPU
		{87807EF5-CE58-4709-BF8A-D14360AABE7A}.Release|Any CPU.ActiveCfg = Release|Any CPU
		{87807EF5-CE58-4709-BF8A-D14360AABE7A}.Release|Any CPU.Build.0 = Release|Any CPU
		{51556F5C-48E1-4303-99FA-E22BCA9573FF}.Debug|Any CPU.ActiveCfg = Debug|Any CPU
		{51556F5C-48E1-4303-99FA-E22BCA9573FF}.Debug|Any CPU.Build.0 = Debug|Any CPU
		{51556F5C-48E1-4303-99FA-E22BCA9573FF}.Release|Any CPU.ActiveCfg = Release|Any CPU
		{51556F5C-48E1-4303-99FA-E22BCA9573FF}.Release|Any CPU.Build.0 = Release|Any CPU
		{4C4F88C1-1FC1-47C5-BE5E-826EBD629FD0}.Debug|Any CPU.ActiveCfg = Debug|Any CPU
		{4C4F88C1-1FC1-47C5-BE5E-826EBD629FD0}.Debug|Any CPU.Build.0 = Debug|Any CPU
		{4C4F88C1-1FC1-47C5-BE5E-826EBD629FD0}.Release|Any CPU.ActiveCfg = Release|Any CPU
		{4C4F88C1-1FC1-47C5-BE5E-826EBD629FD0}.Release|Any CPU.Build.0 = Release|Any CPU
		{74FE2786-B851-4241-A7AE-07817E9D84D8}.Debug|Any CPU.ActiveCfg = Debug|Any CPU
		{74FE2786-B851-4241-A7AE-07817E9D84D8}.Debug|Any CPU.Build.0 = Debug|Any CPU
		{74FE2786-B851-4241-A7AE-07817E9D84D8}.Release|Any CPU.ActiveCfg = Release|Any CPU
		{74FE2786-B851-4241-A7AE-07817E9D84D8}.Release|Any CPU.Build.0 = Release|Any CPU
		{1A5252EA-702C-42FB-A574-0720B04D1B28}.Debug|Any CPU.ActiveCfg = Debug|Any CPU
		{1A5252EA-702C-42FB-A574-0720B04D1B28}.Debug|Any CPU.Build.0 = Debug|Any CPU
		{1A5252EA-702C-42FB-A574-0720B04D1B28}.Release|Any CPU.ActiveCfg = Release|Any CPU
		{1A5252EA-702C-42FB-A574-0720B04D1B28}.Release|Any CPU.Build.0 = Release|Any CPU
		{27FA044F-FEBA-4A48-9C0B-D5C850F7442E}.Debug|Any CPU.ActiveCfg = Debug|Any CPU
		{27FA044F-FEBA-4A48-9C0B-D5C850F7442E}.Debug|Any CPU.Build.0 = Debug|Any CPU
		{27FA044F-FEBA-4A48-9C0B-D5C850F7442E}.Release|Any CPU.ActiveCfg = Release|Any CPU
		{27FA044F-FEBA-4A48-9C0B-D5C850F7442E}.Release|Any CPU.Build.0 = Release|Any CPU
		{BF94D942-5B2F-4F7D-AF89-BF8626F71D5C}.Debug|Any CPU.ActiveCfg = Debug|Any CPU
		{BF94D942-5B2F-4F7D-AF89-BF8626F71D5C}.Debug|Any CPU.Build.0 = Debug|Any CPU
		{BF94D942-5B2F-4F7D-AF89-BF8626F71D5C}.Release|Any CPU.ActiveCfg = Release|Any CPU
		{BF94D942-5B2F-4F7D-AF89-BF8626F71D5C}.Release|Any CPU.Build.0 = Release|Any CPU
	EndGlobalSection
	GlobalSection(SolutionProperties) = preSolution
		HideSolutionNode = FALSE
	EndGlobalSection
	GlobalSection(NestedProjects) = preSolution
		{B622B827-6CA5-4209-82AB-CC4EF31536D4} = {6A35284D-E871-4B9D-BF37-D568BEF49109}
		{B6CDEA8A-8B06-4E66-9D99-BC8CDEEBFE6D} = {6A35284D-E871-4B9D-BF37-D568BEF49109}
		{87807EF5-CE58-4709-BF8A-D14360AABE7A} = {6A35284D-E871-4B9D-BF37-D568BEF49109}
		{51556F5C-48E1-4303-99FA-E22BCA9573FF} = {6A35284D-E871-4B9D-BF37-D568BEF49109}
		{4C4F88C1-1FC1-47C5-BE5E-826EBD629FD0} = {6A35284D-E871-4B9D-BF37-D568BEF49109}
		{74FE2786-B851-4241-A7AE-07817E9D84D8} = {6A35284D-E871-4B9D-BF37-D568BEF49109}
		{1A5252EA-702C-42FB-A574-0720B04D1B28} = {6A35284D-E871-4B9D-BF37-D568BEF49109}
		{27FA044F-FEBA-4A48-9C0B-D5C850F7442E} = {76491630-F118-465C-82DB-B11E8333DBF3}
		{BF94D942-5B2F-4F7D-AF89-BF8626F71D5C} = {6A35284D-E871-4B9D-BF37-D568BEF49109}
	EndGlobalSection
	GlobalSection(ExtensibilityGlobals) = postSolution
		                SolutionGuid = {AF7E1B3C-87AC-4631-9BCF-8C3AF48ABBE2}
		                                SolutionGuid = {380AABB2-C952-4293-BD29-BFF0FB066A4C}
		                        SolutionGuid = {1D8FB574-F9C8-49B5-B6D6-A0E1841D6149}
		        SolutionGuid = {79D7AAF2-E809-4D59-A93E-01FA0774B62F}
	EndGlobalSection
EndGlobal
